
Microsoft Visual Studio Solution File, Format Version 12.00
# Visual Studio Version 16
VisualStudioVersion = 16.0.31112.23
MinimumVisualStudioVersion = 10.0.40219.1
Project("{FAE04EC0-301F-11D3-BF4B-00C04F79EFBC}") = "MvcOnlineTicari", "MvcOnlineTicari\MvcOnlineTicari.csproj", "{0D343868-F793-4606-970F-6A9DE841292A}"
EndProject
Global
	GlobalSection(SolutionConfigurationPlatforms) = preSolution
		Debug|Any CPU = Debug|Any CPU
		Release|Any CPU = Release|Any CPU
	EndGlobalSection
	GlobalSection(ProjectConfigurationPlatforms) = postSolution
		{0D343868-F793-4606-970F-6A9DE841292A}.Debug|Any CPU.ActiveCfg = Debug|Any CPU
		{0D343868-F793-4606-970F-6A9DE841292A}.Debug|Any CPU.Build.0 = Debug|Any CPU
		{0D343868-F793-4606-970F-6A9DE841292A}.Release|Any CPU.ActiveCfg = Release|Any CPU
		{0D343868-F793-4606-970F-6A9DE841292A}.Release|Any CPU.Build.0 = Release|Any CPU
	EndGlobalSection
	GlobalSection(SolutionProperties) = preSolution
		HideSolutionNode = FALSE
	EndGlobalSection
	GlobalSection(ExtensibilityGlobals) = postSolution
		SolutionGuid = {31015D18-C7E2-45CC-9D60-F9D1965F97AA}
	EndGlobalSection
EndGlobal
